Microsoft Visual Studio Solution File, Format Version 12.00
# Visual Studio Version 17
VisualStudioVersion = 17.0.31903.59
MinimumVisualStudioVersion = 10.0.40219.1
Project("{FAE04EC0-301F-11D3-BF4B-00C04F79EFBC}") = "RFAQuickPreview", "RFAQuickPreview.csproj", "{8C1A34CC-0A7E-4D19-9E8C-7F82D08854EF}"
EndProject
Global
	GlobalSection(SolutionConfigurationPlatforms) = preSolution
		Debug|Any CPU = Debug|Any CPU
		Release|Any CPU = Release|Any CPU
	EndGlobalSection
	GlobalSection(ProjectConfigurationPlatforms) = postSolution
		{8C1A34CC-0A7E-4D19-9E8C-7F82D08854EF}.Debug|Any CPU.ActiveCfg = Debug|AnyCPU
		{8C1A34CC-0A7E-4D19-9E8C-7F82D08854EF}.Debug|Any CPU.Build.0 = Debug|AnyCPU
		{8C1A34CC-0A7E-4D19-9E8C-7F82D08854EF}.Release|Any CPU.ActiveCfg = Release|AnyCPU
		{8C1A34CC-0A7E-4D19-9E8C-7F82D08854EF}.Release|Any CPU.Build.0 = Release|AnyCPU
	EndGlobalSection
	GlobalSection(SolutionProperties) = preSolution
		HideSolutionNode = FALSE
	EndGlobalSection
EndGlobal
